# This file is generated by running "yarn install" inside your project.
# Manual changes might be lost - proceed with caution!

__metadata:
  version: 8
  cacheKey: 10

"@davidzemon/passport-okta-oauth@workspace:.":
  version: 0.0.0-use.local
  resolution: "@davidzemon/passport-okta-oauth@workspace:."
  dependencies:
    "@types/passport-oauth2": "npm:^1.4.11"
    passport-oauth2: "npm:^1.6.1"
    pkginfo: "npm:^0.4.1"
    prettier: "npm:^2.7.1"
    typescript: "npm:^4.7.4"
    uid2: "npm:^1.0.0"
  languageName: unknown
  linkType: soft

"@types/body-parser@npm:*":
  version: 1.19.5
  resolution: "@types/body-parser@npm:1.19.5"
  dependencies:
    "@types/connect": "npm:*"
    "@types/node": "npm:*"
  checksum: 10/1e251118c4b2f61029cc43b0dc028495f2d1957fe8ee49a707fb940f86a9bd2f9754230805598278fe99958b49e9b7e66eec8ef6a50ab5c1f6b93e1ba2aaba82
  languageName: node
  linkType: hard

"@types/connect@npm:*":
  version: 3.4.38
  resolution: "@types/connect@npm:3.4.38"
  dependencies:
    "@types/node": "npm:*"
  checksum: 10/7eb1bc5342a9604facd57598a6c62621e244822442976c443efb84ff745246b10d06e8b309b6e80130026a396f19bf6793b7cecd7380169f369dac3bfc46fb99
  languageName: node
  linkType: hard

"@types/express-serve-static-core@npm:^5.0.0":
  version: 5.0.6
  resolution: "@types/express-serve-static-core@npm:5.0.6"
  dependencies:
    "@types/node": "npm:*"
    "@types/qs": "npm:*"
    "@types/range-parser": "npm:*"
    "@types/send": "npm:*"
  checksum: 10/9dc51bdee7da9ad4792e97dd1be5b3071b5128f26d3b87a753070221bb36c8f9d16074b95a8b972acc965641e987b1e279a44675e7312ac8f3e18ec9abe93940
  languageName: node
  linkType: hard

"@types/express@npm:*":
  version: 5.0.1
  resolution: "@types/express@npm:5.0.1"
  dependencies:
    "@types/body-parser": "npm:*"
    "@types/express-serve-static-core": "npm:^5.0.0"
    "@types/serve-static": "npm:*"
  checksum: 10/189dd078679c5f748644c9dccf6b9666755d2fd37741ae5b7494129531b14d0366746a79191e1064060c2547daf7d342a02c48923730f20c8980c9ca7dfce1d2
  languageName: node
  linkType: hard

"@types/http-errors@npm:*":
  version: 2.0.4
  resolution: "@types/http-errors@npm:2.0.4"
  checksum: 10/1f3d7c3b32c7524811a45690881736b3ef741bf9849ae03d32ad1ab7062608454b150a4e7f1351f83d26a418b2d65af9bdc06198f1c079d75578282884c4e8e3
  languageName: node
  linkType: hard

"@types/mime@npm:^1":
  version: 1.3.5
  resolution: "@types/mime@npm:1.3.5"
  checksum: 10/e29a5f9c4776f5229d84e525b7cd7dd960b51c30a0fb9a028c0821790b82fca9f672dab56561e2acd9e8eed51d431bde52eafdfef30f643586c4162f1aecfc78
  languageName: node
  linkType: hard

"@types/node@npm:*":
  version: 22.14.0
  resolution: "@types/node@npm:22.14.0"
  dependencies:
    undici-types: "npm:~6.21.0"
  checksum: 10/d0669a8a37a18532c886ccfa51eb3fe1e46088deb4d3d27ebcd5d7d68bd6343ad1c7a3fcb85164780a57629359c33a6c917ecff748ea232bceac7692acc96537
  languageName: node
  linkType: hard

"@types/oauth@npm:*":
  version: 0.9.6
  resolution: "@types/oauth@npm:0.9.6"
  dependencies:
    "@types/node": "npm:*"
  checksum: 10/6e1d42585a77b73c607be3c50c25d6f7f772fc1f3927c2ea10c9955b4ba118dfe6cc7303538e68cd53ffe6f133cf8b8c61f703a37023175c5bbb218460732147
  languageName: node
  linkType: hard

"@types/passport-oauth2@npm:^1.4.11":
  version: 1.4.17
  resolution: "@types/passport-oauth2@npm:1.4.17"
  dependencies:
    "@types/express": "npm:*"
    "@types/oauth": "npm:*"
    "@types/passport": "npm:*"
  checksum: 10/4c5d2d6f717bb0b3d049669e47ca27cb166cbbef2073dccd302b10e62936c9e392074acabe6cb593f7eeb37a6a3cf81b9d3a4f35a46018a6645ac37d0f1706cb
  languageName: node
  linkType: hard

"@types/passport@npm:*":
  version: 1.0.17
  resolution: "@types/passport@npm:1.0.17"
  dependencies:
    "@types/express": "npm:*"
  checksum: 10/3db90645d58d928796dd8e9c328dec8040b71a43f3691d42a08fb4779efcbfc7dccc43ea612066a961a41be0869800096d52fd8aaa71518a89aa4483f67f5914
  languageName: node
  linkType: hard

"@types/qs@npm:*":
  version: 6.9.18
  resolution: "@types/qs@npm:6.9.18"
  checksum: 10/152fab96efd819cc82ae67c39f089df415da6deddb48f1680edaaaa4e86a2a597de7b2ff0ad391df66d11a07006a08d52c9405e86b8cb8f3d5ba15881fe56cc7
  languageName: node
  linkType: hard

"@types/range-parser@npm:*":
  version: 1.2.7
  resolution: "@types/range-parser@npm:1.2.7"
  checksum: 10/95640233b689dfbd85b8c6ee268812a732cf36d5affead89e806fe30da9a430767af8ef2cd661024fd97e19d61f3dec75af2df5e80ec3bea000019ab7028629a
  languageName: node
  linkType: hard

"@types/send@npm:*":
  version: 0.17.4
  resolution: "@types/send@npm:0.17.4"
  dependencies:
    "@types/mime": "npm:^1"
    "@types/node": "npm:*"
  checksum: 10/28320a2aa1eb704f7d96a65272a07c0bf3ae7ed5509c2c96ea5e33238980f71deeed51d3631927a77d5250e4091b3e66bce53b42d770873282c6a20bb8b0280d
  languageName: node
  linkType: hard

"@types/serve-static@npm:*":
  version: 1.15.7
  resolution: "@types/serve-static@npm:1.15.7"
  dependencies:
    "@types/http-errors": "npm:*"
    "@types/node": "npm:*"
    "@types/send": "npm:*"
  checksum: 10/c5a7171d5647f9fbd096ed1a26105759f3153ccf683824d99fee4c7eb9cde2953509621c56a070dd9fb1159e799e86d300cbe4e42245ebc5b0c1767e8ca94a67
  languageName: node
  linkType: hard

"base64url@npm:3.x.x":
  version: 3.0.1
  resolution: "base64url@npm:3.0.1"
  checksum: 10/a77b2a3a526b3343e25be424de3ae0aa937d78f6af7c813ef9020ef98001c0f4e2323afcd7d8b2d2978996bf8c42445c3e9f60c218c622593e5fdfd54a3d6e18
  languageName: node
  linkType: hard

"oauth@npm:0.10.x":
  version: 0.10.2
  resolution: "oauth@npm:0.10.2"
  checksum: 10/b86f3c1ef35ff59d6659acc10e05b468dff4e6b5570c36d20eff1296db07565e09c3da8a009b656909c432ce0432f646664f301e5337f0dfd5a3d637c956ac2f
  languageName: node
  linkType: hard

"passport-oauth2@npm:^1.6.1":
  version: 1.8.0
  resolution: "passport-oauth2@npm:1.8.0"
  dependencies:
    base64url: "npm:3.x.x"
    oauth: "npm:0.10.x"
    passport-strategy: "npm:1.x.x"
    uid2: "npm:0.0.x"
    utils-merge: "npm:1.x.x"
  checksum: 10/31af6c59686bdc0460f3099a857ae4243952b44ad1afc5a12779524711ea97266491e97f83671120f84575b2c6202f3cf0bb8500fdc5a6414e10ff45617454ca
  languageName: node
  linkType: hard

"passport-strategy@npm:1.x.x":
  version: 1.0.0
  resolution: "passport-strategy@npm:1.0.0"
  checksum: 10/5086693f2508e538dffa55a338c89fe8192fb5f4478c71f80cd5890b8573419a098f4fec88b505374f60bbe9049f6f24b9f3992678612528a3370b4dc73354a2
  languageName: node
  linkType: hard

"pkginfo@npm:^0.4.1":
  version: 0.4.1
  resolution: "pkginfo@npm:0.4.1"
  checksum: 10/e354d6f78a940da07f36cdc503705e78bf53044f1562f29f46f18d2a21d271b203d30eb738468cf7c68b5739cc1d7383646cd5930bd42bfe9a81b03a5a8e860c
  languageName: node
  linkType: hard

"prettier@npm:^2.7.1":
  version: 2.8.8
  resolution: "prettier@npm:2.8.8"
  bin:
    prettier: bin-prettier.js
  checksum: 10/00cdb6ab0281f98306cd1847425c24cbaaa48a5ff03633945ab4c701901b8e96ad558eb0777364ffc312f437af9b5a07d0f45346266e8245beaf6247b9c62b24
  languageName: node
  linkType: hard

"typescript@npm:^4.7.4":
  version: 4.9.5
  resolution: "typescript@npm:4.9.5"
  bin:
    tsc: bin/tsc
    tsserver: bin/tsserver
  checksum: 10/458f7220ab11e0fc191514cc41be1707645ec9a8c2d609448a448e18c522cef9646f58728f6811185a4c35613dacdf6c98cf8965c88b3541d0288c47291e4300
  languageName: node
  linkType: hard

"typescript@patch:typescript@npm%3A^4.7.4#optional!builtin<compat/typescript>":
  version: 4.9.5
  resolution: "typescript@patch:typescript@npm%3A4.9.5#optional!builtin<compat/typescript>::version=4.9.5&hash=289587"
  bin:
    tsc: bin/tsc
    tsserver: bin/tsserver
  checksum: 10/5659316360b5cc2d6f5931b346401fa534107b68b60179cf14970e27978f0936c1d5c46f4b5b8175f8cba0430f522b3ce355b4b724c0ea36ce6c0347fab25afd
  languageName: node
  linkType: hard

"uid2@npm:0.0.x":
  version: 0.0.4
  resolution: "uid2@npm:0.0.4"
  checksum: 10/e92325ce2e3b7be504b19e835dbb5a8b0495031f364b08ca46745468ed0ae0f202a4fdaf99a1a2715844156efc3ab410456ae24a0f7c0ae4b0a2e9f2784edfd9
  languageName: node
  linkType: hard

"uid2@npm:^1.0.0":
  version: 1.0.0
  resolution: "uid2@npm:1.0.0"
  checksum: 10/7efad0da3839ef2bebc6fae4bd29905702cd64233b3907e3300aa2d7ea1a00c1ae8c41a5e16ca34ac2db2d25c5607d5989673e1df51a2a076fefbeed51605ec3
  languageName: node
  linkType: hard

"undici-types@npm:~6.21.0":
  version: 6.21.0
  resolution: "undici-types@npm:6.21.0"
  checksum: 10/ec8f41aa4359d50f9b59fa61fe3efce3477cc681908c8f84354d8567bb3701fafdddf36ef6bff307024d3feb42c837cf6f670314ba37fc8145e219560e473d14
  languageName: node
  linkType: hard

"utils-merge@npm:1.x.x":
  version: 1.0.1
  resolution: "utils-merge@npm:1.0.1"
  checksum: 10/5d6949693d58cb2e636a84f3ee1c6e7b2f9c16cb1d42d0ecb386d8c025c69e327205aa1c69e2868cc06a01e5e20681fbba55a4e0ed0cce913d60334024eae798
  languageName: node
  linkType: hard
